
Microsoft Visual Studio Solution File, Format Version 11.00
# Visual Studio 2010
Project("{8BC9CEB8-8B4A-11D0-8D11-00A0C91BC942}") = "hydmin-4a", "hydmin-4a.vcxproj", "{168CBE63-EBD3-4DBB-8291-7F13B21BAAD4}"
EndProject
Global
	GlobalSection(SolutionConfigurationPlatforms) = preSolution
		Debug|Win32 = Debug|Win32
		Release|Win32 = Release|Win32
	EndGlobalSection
	GlobalSection(ProjectConfigurationPlatforms) = postSolution
		{168CBE63-EBD3-4DBB-8291-7F13B21BAAD4}.Debug|Win32.ActiveCfg = Debug|Win32
		{168CBE63-EBD3-4DBB-8291-7F13B21BAAD4}.Debug|Win32.Build.0 = Debug|Win32
		{168CBE63-EBD3-4DBB-8291-7F13B21BAAD4}.Release|Win32.ActiveCfg = Release|Win32
		{168CBE63-EBD3-4DBB-8291-7F13B21BAAD4}.Release|Win32.Build.0 = Release|Win32
	EndGlobalSection
	GlobalSection(SolutionProperties) = preSolution
		HideSolutionNode = FALSE
	EndGlobalSection
EndGlobal
